
Microsoft Visual Studio Solution File, Format Version 12.00
# Visual Studio Version 17
VisualStudioVersion = 17.5.002.0
MinimumVisualStudioVersion = 10.0.40219.1
Project("{9A19103F-16F7-4668-BE54-9A1E7A4F7556}") = "helloworld", "helloworld.csproj", "{58E615BD-DE17-4992-8B3E-5BF6C76B77D9}"
EndProject
Project("{FAE04EC0-301F-11D3-BF4B-00C04F79EFBC}") = "WebApplication1", "..\..\Users\nikos\OneDrive\Υπολογιστής\.Net\WebApplication1\WebApplication1.csproj", "{F9C835CF-D468-4A79-BB83-E208992DEC9E}"
EndProject
Project("{FAE04EC0-301F-11D3-BF4B-00C04F79EFBC}") = "WebApplication1", "..\..\Users\nikos\OneDrive\Υπολογιστής\ASP\WebApplication1\WebApplication1.csproj", "{D2C5E215-5469-4CA0-A12A-D18E2021AD7D}"
EndProject
Global
	GlobalSection(SolutionConfigurationPlatforms) = preSolution
		Debug|Any CPU = Debug|Any CPU
		Release|Any CPU = Release|Any CPU
	EndGlobalSection
	GlobalSection(ProjectConfigurationPlatforms) = postSolution
		{58E615BD-DE17-4992-8B3E-5BF6C76B77D9}.Debug|Any CPU.ActiveCfg = Debug|Any CPU
		{58E615BD-DE17-4992-8B3E-5BF6C76B77D9}.Debug|Any CPU.Build.0 = Debug|Any CPU
		{58E615BD-DE17-4992-8B3E-5BF6C76B77D9}.Release|Any CPU.ActiveCfg = Release|Any CPU
		{58E615BD-DE17-4992-8B3E-5BF6C76B77D9}.Release|Any CPU.Build.0 = Release|Any CPU
		{F9C835CF-D468-4A79-BB83-E208992DEC9E}.Debug|Any CPU.ActiveCfg = Debug|Any CPU
		{F9C835CF-D468-4A79-BB83-E208992DEC9E}.Debug|Any CPU.Build.0 = Debug|Any CPU
		{F9C835CF-D468-4A79-BB83-E208992DEC9E}.Release|Any CPU.ActiveCfg = Release|Any CPU
		{F9C835CF-D468-4A79-BB83-E208992DEC9E}.Release|Any CPU.Build.0 = Release|Any CPU
		{D2C5E215-5469-4CA0-A12A-D18E2021AD7D}.Debug|Any CPU.ActiveCfg = Debug|Any CPU
		{D2C5E215-5469-4CA0-A12A-D18E2021AD7D}.Debug|Any CPU.Build.0 = Debug|Any CPU
		{D2C5E215-5469-4CA0-A12A-D18E2021AD7D}.Release|Any CPU.ActiveCfg = Release|Any CPU
		{D2C5E215-5469-4CA0-A12A-D18E2021AD7D}.Release|Any CPU.Build.0 = Release|Any CPU
	EndGlobalSection
	GlobalSection(SolutionProperties) = preSolution
		HideSolutionNode = FALSE
	EndGlobalSection
	GlobalSection(ExtensibilityGlobals) = postSolution
		SolutionGuid = {F6690836-D40C-495E-9005-652BA90243B5}
	EndGlobalSection
EndGlobal
